{
  "nodes": {
    "nixpkgs": {
      "locked": {
        "lastModified": 1669465383,
        "narHash": "sha256-fVbG427suESAEb8/P47O/zD/G9BSeFxLh94IUzgOchs=",
        "owner": "nixos",
        "repo": "nixpkgs",
        "rev": "899e7caf59d1954882a8e2dff45ccc0387c186f6",
        "type": "github"
      },
      "original": {
        "owner": "nixos",
        "ref": "nixos-22.11",
        "repo": "nixpkgs",
        "type": "github"
      }
    },
    "root": {
      "inputs": {
        "nixpkgs": "nixpkgs"
      }
    }
  },
  "root": "root",
  "version": 7
}
